Microsoft Visual Studio Solution File, Format Version 12.00
# Visual Studio Version 17
VisualStudioVersion = 17.5.2.0
MinimumVisualStudioVersion = 10.0.40219.1
Project("{FAE04EC0-301F-11D3-BF4B-00C04F79EFBC}") = "Azure Function Test", "Azure Function Test.csproj", "{50807B0B-F73E-A4CB-E1E1-516697C79075}"
EndProject
Global
	GlobalSection(SolutionConfigurationPlatforms) = preSolution
		Debug|Any CPU = Debug|Any CPU
		Release|Any CPU = Release|Any CPU
	EndGlobalSection
	GlobalSection(ProjectConfigurationPlatforms) = postSolution
		{50807B0B-F73E-A4CB-E1E1-516697C79075}.Debug|Any CPU.ActiveCfg = Debug|Any CPU
		{50807B0B-F73E-A4CB-E1E1-516697C79075}.Debug|Any CPU.Build.0 = Debug|Any CPU
		{50807B0B-F73E-A4CB-E1E1-516697C79075}.Release|Any CPU.ActiveCfg = Release|Any CPU
		{50807B0B-F73E-A4CB-E1E1-516697C79075}.Release|Any CPU.Build.0 = Release|Any CPU
	EndGlobalSection
	GlobalSection(SolutionProperties) = preSolution
		HideSolutionNode = FALSE
	EndGlobalSection
	GlobalSection(ExtensibilityGlobals) = postSolution
		SolutionGuid = {55F1052B-4A32-4D4D-BD01-E4664E3FCA7D}
	EndGlobalSection
EndGlobal
